// !$*UTF8*$!
{
	archiveVersion = 1;
	classes = {
	};
	objectVersion = 46;
	objects = {

/* Begin PBXBuildFile section */
		C5B90485189C1BCC00E3E9BE /* Foundation.framework in Frameworks */ = {isa = PBXBuildFile; fileRef = C5B90484189C1BCC00E3E9BE /* Foundation.framework */; };
		C5B90487189C1BCC00E3E9BE /* CoreGraphics.framework in Frameworks */ = {isa = PBXBuildFile; fileRef = C5B90486189C1BCC00E3E9BE /* CoreGraphics.framework */; };
		C5B90489189C1BCC00E3E9BE /* UIKit.framework in Frameworks */ = {isa = PBXBuildFile; fileRef = C5B90488189C1BCC00E3E9BE /* UIKit.framework */; };
		C5B9048F189C1BCC00E3E9BE /* InfoPlist.strings in Resources */ = {isa = PBXBuildFile; fileRef = C5B9048D189C1BCC00E3E9BE /* InfoPlist.strings */; };
		C5B90491189C1BCC00E3E9BE /* main.m in Sources */ = {isa = PBXBuildFile; fileRef = C5B90490189C1BCC00E3E9BE /* main.m */; };
		C5B90495189C1BCC00E3E9BE /* TSAppDelegate.m in Sources */ = {isa = PBXBuildFile; fileRef = C5B90494189C1BCC00E3E9BE /* TSAppDelegate.m */; };
		C5B90498189C1BCC00E3E9BE /* Main.storyboard in Resources */ = {isa = PBXBuildFile; fileRef = C5B90496189C1BCC00E3E9BE /* Main.storyboard */; };
		C5B9049D189C1BCC00E3E9BE /* Images.xcassets in Resources */ = {isa = PBXBuildFile; fileRef = C5B9049C189C1BCC00E3E9BE /* Images.xcassets */; };
		C5B904A4189C1BCD00E3E9BE /* XCTest.framework in Frameworks */ = {isa = PBXBuildFile; fileRef = C5B904A3189C1BCD00E3E9BE /* XCTest.framework */; };
		C5B904A5189C1BCD00E3E9BE /* Foundation.framework in Frameworks */ = {isa = PBXBuildFile; fileRef = C5B90484189C1BCC00E3E9BE /* Foundation.framework */; };
		C5B904A6189C1BCD00E3E9BE /* UIKit.framework in Frameworks */ = {isa = PBXBuildFile; fileRef = C5B90488189C1BCC00E3E9BE /* UIKit.framework */; };
		C5B904AE189C1BCD00E3E9BE /* InfoPlist.strings in Resources */ = {isa = PBXBuildFile; fileRef = C5B904AC189C1BCD00E3E9BE /* InfoPlist.strings */; };
		C5B904B0189C1BCD00E3E9BE /* tableViewCellDelaysContentTouchesTests.m in Sources */ = {isa = PBXBuildFile; fileRef = C5B904AF189C1BCD00E3E9BE /* tableViewCellDelaysContentTouchesTests.m */; };
		C5B904BB189C1C7B00E3E9BE /* UITableViewCell+TS_delaysContentTouches.m in Sources */ = {isa = PBXBuildFile; fileRef = C5B904BA189C1C7B00E3E9BE /* UITableViewCell+TS_delaysContentTouches.m */; };
		C5B904BE189C1F1300E3E9BE /* TSTableViewController.m in Sources */ = {isa = PBXBuildFile; fileRef = C5B904BD189C1F1300E3E9BE /* TSTableViewController.m */; };
/* End PBXBuildFile section */

/* Begin PBXContainerItemProxy section */
		C5B904A7189C1BCD00E3E9BE /* PBXContainerItemProxy */ = {
			isa = PBXContainerItemProxy;
			containerPortal = C5B90479189C1BCC00E3E9BE /* Project object */;
			proxyType = 1;
			remoteGlobalIDString = C5B90480189C1BCC00E3E9BE;
			remoteInfo = tableViewCellDelaysContentTouches;
		};
/* End PBXContainerItemProxy section */

/* Begin PBXFileReference section */
		C5B90481189C1BCC00E3E9BE /* tableViewCellDelaysContentTouches.app */ = {isa = PBXFileReference; explicitFileType = wrapper.application; includeInIndex = 0; path = tableViewCellDelaysContentTouches.app; sourceTree = BUILT_PRODUCTS_DIR; };
		C5B90484189C1BCC00E3E9BE /* Foundation.framework */ = {isa = PBXFileReference; lastKnownFileType = wrapper.framework; name = Foundation.framework; path = System/Library/Frameworks/Foundation.framework; sourceTree = SDKROOT; };
		C5B90486189C1BCC00E3E9BE /* CoreGraphics.framework */ = {isa = PBXFileReference; lastKnownFileType = wrapper.framework; name = CoreGraphics.framework; path = System/Library/Frameworks/CoreGraphics.framework; sourceTree = SDKROOT; };
		C5B90488189C1BCC00E3E9BE /* UIKit.framework */ = {isa = PBXFileReference; lastKnownFileType = wrapper.framework; name = UIKit.framework; path = System/Library/Frameworks/UIKit.framework; sourceTree = SDKROOT; };
		C5B9048C189C1BCC00E3E9BE /* tableViewCellDelaysContentTouches-Info.plist */ = {isa = PBXFileReference; lastKnownFileType = text.plist.xml; path = "tableViewCellDelaysContentTouches-Info.plist"; sourceTree = "<group>"; };
		C5B9048E189C1BCC00E3E9BE /* en */ = {isa = PBXFileReference; lastKnownFileType = text.plist.strings; name = en; path = en.lproj/InfoPlist.strings; sourceTree = "<group>"; };
		C5B90490189C1BCC00E3E9BE /* main.m */ = {isa = PBXFileReference; lastKnownFileType = sourcecode.c.objc; path = main.m; sourceTree = "<group>"; };
		C5B90492189C1BCC00E3E9BE /* tableViewCellDelaysContentTouches-Prefix.pch */ = {isa = PBXFileReference; lastKnownFileType = sourcecode.c.h; path = "tableViewCellDelaysContentTouches-Prefix.pch"; sourceTree = "<group>"; };
		C5B90493189C1BCC00E3E9BE /* TSAppDelegate.h */ = {isa = PBXFileReference; lastKnownFileType = sourcecode.c.h; path = TSAppDelegate.h; sourceTree = "<group>"; };
		C5B90494189C1BCC00E3E9BE /* TSAppDelegate.m */ = {isa = PBXFileReference; lastKnownFileType = sourcecode.c.objc; path = TSAppDelegate.m; sourceTree = "<group>"; };
		C5B90497189C1BCC00E3E9BE /* Base */ = {isa = PBXFileReference; lastKnownFileType = file.storyboard; name = Base; path = Base.lproj/Main.storyboard; sourceTree = "<group>"; };
		C5B9049C189C1BCC00E3E9BE /* Images.xcassets */ = {isa = PBXFileReference; lastKnownFileType = folder.assetcatalog; path = Images.xcassets; sourceTree = "<group>"; };
		C5B904A2189C1BCD00E3E9BE /* tableViewCellDelaysContentTouchesTests.xctest */ = {isa = PBXFileReference; explicitFileType = wrapper.cfbundle; includeInIndex = 0; path = tableViewCellDelaysContentTouchesTests.xctest; sourceTree = BUILT_PRODUCTS_DIR; };
		C5B904A3189C1BCD00E3E9BE /* XCTest.framework */ = {isa = PBXFileReference; lastKnownFileType = wrapper.framework; name = XCTest.framework; path = Library/Frameworks/XCTest.framework; sourceTree = DEVELOPER_DIR; };
		C5B904AB189C1BCD00E3E9BE /* tableViewCellDelaysContentTouchesTests-Info.plist */ = {isa = PBXFileReference; lastKnownFileType = text.plist.xml; path = "tableViewCellDelaysContentTouchesTests-Info.plist"; sourceTree = "<group>"; };
		C5B904AD189C1BCD00E3E9BE /* en */ = {isa = PBXFileReference; lastKnownFileType = text.plist.strings; name = en; path = en.lproj/InfoPlist.strings; sourceTree = "<group>"; };
		C5B904AF189C1BCD00E3E9BE /* tableViewCellDelaysContentTouchesTests.m */ = {isa = PBXFileReference; lastKnownFileType = sourcecode.c.objc; path = tableViewCellDelaysContentTouchesTests.m; sourceTree = "<group>"; };
		C5B904B9189C1C7B00E3E9BE /* UITableViewCell+TS_delaysContentTouches.h */ = {isa = PBXFileReference; fileEncoding = 4; lastKnownFileType = sourcecode.c.h; path = "UITableViewCell+TS_delaysContentTouches.h"; sourceTree = SOURCE_ROOT; };
		C5B904BA189C1C7B00E3E9BE /* UITableViewCell+TS_delaysContentTouches.m */ = {isa = PBXFileReference; fileEncoding = 4; lastKnownFileType = sourcecode.c.objc; path = "UITableViewCell+TS_delaysContentTouches.m"; sourceTree = SOURCE_ROOT; };
		C5B904BC189C1F1300E3E9BE /* TSTableViewController.h */ = {isa = PBXFileReference; fileEncoding = 4; lastKnownFileType = sourcecode.c.h; path = TSTableViewController.h; sourceTree = "<group>"; };
		C5B904BD189C1F1300E3E9BE /* TSTableViewController.m */ = {isa = PBXFileReference; fileEncoding = 4; lastKnownFileType = sourcecode.c.objc; path = TSTableViewController.m; sourceTree = "<group>"; };
/* End PBXFileReference section */

/* Begin PBXFrameworksBuildPhase section */
		C5B9047E189C1BCC00E3E9BE /* Frameworks */ = {
			isa = PBXFrameworksBuildPhase;
			buildActionMask = 2147483647;
			files = (
				C5B90487189C1BCC00E3E9BE /* CoreGraphics.framework in Frameworks */,
				C5B90489189C1BCC00E3E9BE /* UIKit.framework in Frameworks */,
				C5B90485189C1BCC00E3E9BE /* Foundation.framework in Frameworks */,
			);
			runOnlyForDeploymentPostprocessing = 0;
		};
		C5B9049F189C1BCD00E3E9BE /* Frameworks */ = {
			isa = PBXFrameworksBuildPhase;
			buildActionMask = 2147483647;
			files = (
				C5B904A4189C1BCD00E3E9BE /* XCTest.framework in Frameworks */,
				C5B904A6189C1BCD00E3E9BE /* UIKit.framework in Frameworks */,
				C5B904A5189C1BCD00E3E9BE /* Foundation.framework in Frameworks */,
			);
			runOnlyForDeploymentPostprocessing = 0;
		};
/* End PBXFrameworksBuildPhase section */

/* Begin PBXGroup section */
		C5B90478189C1BCC00E3E9BE = {
			isa = PBXGroup;
			children = (
				C5B904B9189C1C7B00E3E9BE /* UITableViewCell+TS_delaysContentTouches.h */,
				C5B904BA189C1C7B00E3E9BE /* UITableViewCell+TS_delaysContentTouches.m */,
				C5B9048A189C1BCC00E3E9BE /* tableViewCellDelaysContentTouches */,
				C5B904A9189C1BCD00E3E9BE /* tableViewCellDelaysContentTouchesTests */,
				C5B90483189C1BCC00E3E9BE /* Frameworks */,
				C5B90482189C1BCC00E3E9BE /* Products */,
			);
			sourceTree = "<group>";
		};
		C5B90482189C1BCC00E3E9BE /* Products */ = {
			isa = PBXGroup;
			children = (
				C5B90481189C1BCC00E3E9BE /* tableViewCellDelaysContentTouches.app */,
				C5B904A2189C1BCD00E3E9BE /* tableViewCellDelaysContentTouchesTests.xctest */,
			);
			name = Products;
			sourceTree = "<group>";
		};
		C5B90483189C1BCC00E3E9BE /* Frameworks */ = {
			isa = PBXGroup;
			children = (
				C5B90484189C1BCC00E3E9BE /* Foundation.framework */,
				C5B90486189C1BCC00E3E9BE /* CoreGraphics.framework */,
				C5B90488189C1BCC00E3E9BE /* UIKit.framework */,
				C5B904A3189C1BCD00E3E9BE /* XCTest.framework */,
			);
			name = Frameworks;
			sourceTree = "<group>";
		};
		C5B9048A189C1BCC00E3E9BE /* tableViewCellDelaysContentTouches */ = {
			isa = PBXGroup;
			children = (
				C5B90496189C1BCC00E3E9BE /* Main.storyboard */,
				C5B90493189C1BCC00E3E9BE /* TSAppDelegate.h */,
				C5B90494189C1BCC00E3E9BE /* TSAppDelegate.m */,
				C5B904BC189C1F1300E3E9BE /* TSTableViewController.h */,
				C5B904BD189C1F1300E3E9BE /* TSTableViewController.m */,
				C5B9049C189C1BCC00E3E9BE /* Images.xcassets */,
				C5B9048B189C1BCC00E3E9BE /* Supporting Files */,
			);
			path = tableViewCellDelaysContentTouches;
			sourceTree = "<group>";
		};
		C5B9048B189C1BCC00E3E9BE /* Supporting Files */ = {
			isa = PBXGroup;
			children = (
				C5B9048C189C1BCC00E3E9BE /* tableViewCellDelaysContentTouches-Info.plist */,
				C5B9048D189C1BCC00E3E9BE /* InfoPlist.strings */,
				C5B90490189C1BCC00E3E9BE /* main.m */,
				C5B90492189C1BCC00E3E9BE /* tableViewCellDelaysContentTouches-Prefix.pch */,
			);
			name = "Supporting Files";
			sourceTree = "<group>";
		};
		C5B904A9189C1BCD00E3E9BE /* tableViewCellDelaysContentTouchesTests */ = {
			isa = PBXGroup;
			children = (
				C5B904AF189C1BCD00E3E9BE /* tableViewCellDelaysContentTouchesTests.m */,
				C5B904AA189C1BCD00E3E9BE /* Supporting Files */,
			);
			path = tableViewCellDelaysContentTouchesTests;
			sourceTree = "<group>";
		};
		C5B904AA189C1BCD00E3E9BE /* Supporting Files */ = {
			isa = PBXGroup;
			children = (
				C5B904AB189C1BCD00E3E9BE /* tableViewCellDelaysContentTouchesTests-Info.plist */,
				C5B904AC189C1BCD00E3E9BE /* InfoPlist.strings */,
			);
			name = "Supporting Files";
			sourceTree = "<group>";
		};
/* End PBXGroup section */

/* Begin PBXNativeTarget section */
		C5B90480189C1BCC00E3E9BE /* tableViewCellDelaysContentTouches */ = {
			isa = PBXNativeTarget;
			buildConfigurationList = C5B904B3189C1BCD00E3E9BE /* Build configuration list for PBXNativeTarget "tableViewCellDelaysContentTouches" */;
			buildPhases = (
				C5B9047D189C1BCC00E3E9BE /* Sources */,
				C5B9047E189C1BCC00E3E9BE /* Frameworks */,
				C5B9047F189C1BCC00E3E9BE /* Resources */,
			);
			buildRules = (
			);
			dependencies = (
			);
			name = tableViewCellDelaysContentTouches;
			productName = tableViewCellDelaysContentTouches;
			productReference = C5B90481189C1BCC00E3E9BE /* tableViewCellDelaysContentTouches.app */;
			productType = "com.apple.product-type.application";
		};
		C5B904A1189C1BCD00E3E9BE /* tableViewCellDelaysContentTouchesTests */ = {
			isa = PBXNativeTarget;
			buildConfigurationList = C5B904B6189C1BCD00E3E9BE /* Build configuration list for PBXNativeTarget "tableViewCellDelaysContentTouchesTests" */;
			buildPhases = (
				C5B9049E189C1BCD00E3E9BE /* Sources */,
				C5B9049F189C1BCD00E3E9BE /* Frameworks */,
				C5B904A0189C1BCD00E3E9BE /* Resources */,
			);
			buildRules = (
			);
			dependencies = (
				C5B904A8189C1BCD00E3E9BE /* PBXTargetDependency */,
			);
			name = tableViewCellDelaysContentTouchesTests;
			productName = tableViewCellDelaysContentTouchesTests;
			productReference = C5B904A2189C1BCD00E3E9BE /* tableViewCellDelaysContentTouchesTests.xctest */;
			productType = "com.apple.product-type.bundle.unit-test";
		};
/* End PBXNativeTarget section */

/* Begin PBXProject section */
		C5B90479189C1BCC00E3E9BE /* Project object */ = {
			isa = PBXProject;
			attributes = {
				CLASSPREFIX = TS;
				LastUpgradeCheck = 0500;
				ORGANIZATIONNAME = "Nicholas Hodapp";
				TargetAttributes = {
					C5B904A1189C1BCD00E3E9BE = {
						TestTargetID = C5B90480189C1BCC00E3E9BE;
					};
				};
			};
			buildConfigurationList = C5B9047C189C1BCC00E3E9BE /* Build configuration list for PBXProject "tableViewCellDelaysContentTouches" */;
			compatibilityVersion = "Xcode 3.2";
			developmentRegion = English;
			hasScannedForEncodings = 0;
			knownRegions = (
				en,
				Base,
			);
			mainGroup = C5B90478189C1BCC00E3E9BE;
			productRefGroup = C5B90482189C1BCC00E3E9BE /* Products */;
			projectDirPath = "";
			projectRoot = "";
			targets = (
				C5B90480189C1BCC00E3E9BE /* tableViewCellDelaysContentTouches */,
				C5B904A1189C1BCD00E3E9BE /* tableViewCellDelaysContentTouchesTests */,
			);
		};
/* End PBXProject section */

/* Begin PBXResourcesBuildPhase section */
		C5B9047F189C1BCC00E3E9BE /* Resources */ = {
			isa = PBXResourcesBuildPhase;
			buildActionMask = 2147483647;
			files = (
				C5B9049D189C1BCC00E3E9BE /* Images.xcassets in Resources */,
				C5B9048F189C1BCC00E3E9BE /* InfoPlist.strings in Resources */,
				C5B90498189C1BCC00E3E9BE /* Main.storyboard in Resources */,
			);
			runOnlyForDeploymentPostprocessing = 0;
		};
		C5B904A0189C1BCD00E3E9BE /* Resources */ = {
			isa = PBXResourcesBuildPhase;
			buildActionMask = 2147483647;
			files = (
				C5B904AE189C1BCD00E3E9BE /* InfoPlist.strings in Resources */,
			);
			runOnlyForDeploymentPostprocessing = 0;
		};
/* End PBXResourcesBuildPhase section */

/* Begin PBXSourcesBuildPhase section */
		C5B9047D189C1BCC00E3E9BE /* Sources */ = {
			isa = PBXSourcesBuildPhase;
			buildActionMask = 2147483647;
			files = (
				C5B904BE189C1F1300E3E9BE /* TSTableViewController.m in Sources */,
				C5B90491189C1BCC00E3E9BE /* main.m in Sources */,
				C5B90495189C1BCC00E3E9BE /* TSAppDelegate.m in Sources */,
				C5B904BB189C1C7B00E3E9BE /* UITableViewCell+TS_delaysContentTouches.m in Sources */,
			);
			runOnlyForDeploymentPostprocessing = 0;
		};
		C5B9049E189C1BCD00E3E9BE /* Sources */ = {
			isa = PBXSourcesBuildPhase;
			buildActionMask = 2147483647;
			files = (
				C5B904B0189C1BCD00E3E9BE /* tableViewCellDelaysContentTouchesTests.m in Sources */,
			);
			runOnlyForDeploymentPostprocessing = 0;
		};
/* End PBXSourcesBuildPhase section */

/* Begin PBXTargetDependency section */
		C5B904A8189C1BCD00E3E9BE /* PBXTargetDependency */ = {
			isa = PBXTargetDependency;
			target = C5B90480189C1BCC00E3E9BE /* tableViewCellDelaysContentTouches */;
			targetProxy = C5B904A7189C1BCD00E3E9BE /* PBXContainerItemProxy */;
		};
/* End PBXTargetDependency section */

/* Begin PBXVariantGroup section */
		C5B9048D189C1BCC00E3E9BE /* InfoPlist.strings */ = {
			isa = PBXVariantGroup;
			children = (
				C5B9048E189C1BCC00E3E9BE /* en */,
			);
			name = InfoPlist.strings;
			sourceTree = "<group>";
		};
		C5B90496189C1BCC00E3E9BE /* Main.storyboard */ = {
			isa = PBXVariantGroup;
			children = (
				C5B90497189C1BCC00E3E9BE /* Base */,
			);
			name = Main.storyboard;
			sourceTree = "<group>";
		};
		C5B904AC189C1BCD00E3E9BE /* InfoPlist.strings */ = {
			isa = PBXVariantGroup;
			children = (
				C5B904AD189C1BCD00E3E9BE /* en */,
			);
			name = InfoPlist.strings;
			sourceTree = "<group>";
		};
/* End PBXVariantGroup section */

/* Begin XCBuildConfiguration section */
		C5B904B1189C1BCD00E3E9BE /* Debug */ = {
			isa = XCBuildConfiguration;
			buildSettings = {
				ALWAYS_SEARCH_USER_PATHS = NO;
				ARCHS = "$(ARCHS_STANDARD_INCLUDING_64_BIT)";
				CLANG_CXX_LANGUAGE_STANDARD = "gnu++0x";
				CLANG_CXX_LIBRARY = "libc++";
				CLANG_ENABLE_MODULES = YES;
				CLANG_ENABLE_OBJC_ARC = YES;
				CLANG_WARN_BOOL_CONVERSION = YES;
				CLANG_WARN_CONSTANT_CONVERSION = YES;
				CLANG_WARN_DIRECT_OBJC_ISA_USAGE = YES_ERROR;
				CLANG_WARN_EMPTY_BODY = YES;
				CLANG_WARN_ENUM_CONVERSION = YES;
				CLANG_WARN_INT_CONVERSION = YES;
				CLANG_WARN_OBJC_ROOT_CLASS = YES_ERROR;
				CLANG_WARN__DUPLICATE_METHOD_MATCH = YES;
				"CODE_SIGN_IDENTITY[sdk=iphoneos*]" = "iPhone Developer";
				COPY_PHASE_STRIP = NO;
				GCC_C_LANGUAGE_STANDARD = gnu99;
				GCC_DYNAMIC_NO_PIC = NO;
				GCC_OPTIMIZATION_LEVEL = 0;
				GCC_PREPROCESSOR_DEFINITIONS = (
					"DEBUG=1",
					"$(inherited)",
				);
				GCC_SYMBOLS_PRIVATE_EXTERN = NO;
				GCC_WARN_64_TO_32_BIT_CONVERSION = YES;
				GCC_WARN_ABOUT_RETURN_TYPE = YES_ERROR;
				GCC_WARN_UNDECLARED_SELECTOR = YES;
				GCC_WARN_UNINITIALIZED_AUTOS = YES;
				GCC_WARN_UNUSED_FUNCTION = YES;
				GCC_WARN_UNUSED_VARIABLE = YES;
				IPHONEOS_DEPLOYMENT_TARGET = 7.0;
				ONLY_ACTIVE_ARCH = YES;
				SDKROOT = iphoneos;
			};
			name = Debug;
		};
		C5B904B2189C1BCD00E3E9BE /* Release */ = {
			isa = XCBuildConfiguration;
			buildSettings = {
				ALWAYS_SEARCH_USER_PATHS = NO;
				ARCHS = "$(ARCHS_STANDARD_INCLUDING_64_BIT)";
				CLANG_CXX_LANGUAGE_STANDARD = "gnu++0x";
				CLANG_CXX_LIBRARY = "libc++";
				CLANG_ENABLE_MODULES = YES;
				CLANG_ENABLE_OBJC_ARC = YES;
				CLANG_WARN_BOOL_CONVERSION = YES;
				CLANG_WARN_CONSTANT_CONVERSION = YES;
				CLANG_WARN_DIRECT_OBJC_ISA_USAGE = YES_ERROR;
				CLANG_WARN_EMPTY_BODY = YES;
				CLANG_WARN_ENUM_CONVERSION = YES;
				CLANG_WARN_INT_CONVERSION = YES;
				CLANG_WARN_OBJC_ROOT_CLASS = YES_ERROR;
				CLANG_WARN__DUPLICATE_METHOD_MATCH = YES;
				"CODE_SIGN_IDENTITY[sdk=iphoneos*]" = "iPhone Developer";
				COPY_PHASE_STRIP = YES;
				ENABLE_NS_ASSERTIONS = NO;
				GCC_C_LANGUAGE_STANDARD = gnu99;
				GCC_WARN_64_TO_32_BIT_CONVERSION = YES;
				GCC_WARN_ABOUT_RETURN_TYPE = YES_ERROR;
				GCC_WARN_UNDECLARED_SELECTOR = YES;
				GCC_WARN_UNINITIALIZED_AUTOS = YES;
				GCC_WARN_UNUSED_FUNCTION = YES;
				GCC_WARN_UNUSED_VARIABLE = YES;
				IPHONEOS_DEPLOYMENT_TARGET = 7.0;
				SDKROOT = iphoneos;
				VALIDATE_PRODUCT = YES;
			};
			name = Release;
		};
		C5B904B4189C1BCD00E3E9BE /* Debug */ = {
			isa = XCBuildConfiguration;
			buildSettings = {
				ASSETCATALOG_COMPILER_APPICON_NAME = AppIcon;
				ASSETCATALOG_COMPILER_LAUNCHIMAGE_NAME = LaunchImage;
				GCC_PRECOMPILE_PREFIX_HEADER = YES;
				GCC_PREFIX_HEADER = "tableViewCellDelaysContentTouches/tableViewCellDelaysContentTouches-Prefix.pch";
				INFOPLIST_FILE = "tableViewCellDelaysContentTouches/tableViewCellDelaysContentTouches-Info.plist";
				PRODUCT_NAME = "$(TARGET_NAME)";
				WRAPPER_EXTENSION = app;
			};
			name = Debug;
		};
		C5B904B5189C1BCD00E3E9BE /* Release */ = {
			isa = XCBuildConfiguration;
			buildSettings = {
				ASSETCATALOG_COMPILER_APPICON_NAME = AppIcon;
				ASSETCATALOG_COMPILER_LAUNCHIMAGE_NAME = LaunchImage;
				GCC_PRECOMPILE_PREFIX_HEADER = YES;
				GCC_PREFIX_HEADER = "tableViewCellDelaysContentTouches/tableViewCellDelaysContentTouches-Prefix.pch";
				INFOPLIST_FILE = "tableViewCellDelaysContentTouches/tableViewCellDelaysContentTouches-Info.plist";
				PRODUCT_NAME = "$(TARGET_NAME)";
				WRAPPER_EXTENSION = app;
			};
			name = Release;
		};
		C5B904B7189C1BCD00E3E9BE /* Debug */ = {
			isa = XCBuildConfiguration;
			buildSettings = {
				ARCHS = "$(ARCHS_STANDARD_INCLUDING_64_BIT)";
				BUNDLE_LOADER = "$(BUILT_PRODUCTS_DIR)/tableViewCellDelaysContentTouches.app/tableViewCellDelaysContentTouches";
				FRAMEWORK_SEARCH_PATHS = (
					"$(SDKROOT)/Developer/Library/Frameworks",
					"$(inherited)",
					"$(DEVELOPER_FRAMEWORKS_DIR)",
				);
				GCC_PRECOMPILE_PREFIX_HEADER = YES;
				GCC_PREFIX_HEADER = "tableViewCellDelaysContentTouches/tableViewCellDelaysContentTouches-Prefix.pch";
				GCC_PREPROCESSOR_DEFINITIONS = (
					"DEBUG=1",
					"$(inherited)",
				);
				INFOPLIST_FILE = "tableViewCellDelaysContentTouchesTests/tableViewCellDelaysContentTouchesTests-Info.plist";
				PRODUCT_NAME = "$(TARGET_NAME)";
				TEST_HOST = "$(BUNDLE_LOADER)";
				WRAPPER_EXTENSION = xctest;
			};
			name = Debug;
		};
		C5B904B8189C1BCD00E3E9BE /* Release */ = {
			isa = XCBuildConfiguration;
			buildSettings = {
				ARCHS = "$(ARCHS_STANDARD_INCLUDING_64_BIT)";
				BUNDLE_LOADER = "$(BUILT_PRODUCTS_DIR)/tableViewCellDelaysContentTouches.app/tableViewCellDelaysContentTouches";
				FRAMEWORK_SEARCH_PATHS = (
					"$(SDKROOT)/Developer/Library/Frameworks",
					"$(inherited)",
					"$(DEVELOPER_FRAMEWORKS_DIR)",
				);
				GCC_PRECOMPILE_PREFIX_HEADER = YES;
				GCC_PREFIX_HEADER = "tableViewCellDelaysContentTouches/tableViewCellDelaysContentTouches-Prefix.pch";
				INFOPLIST_FILE = "tableViewCellDelaysContentTouchesTests/tableViewCellDelaysContentTouchesTests-Info.plist";
				PRODUCT_NAME = "$(TARGET_NAME)";
				TEST_HOST = "$(BUNDLE_LOADER)";
				WRAPPER_EXTENSION = xctest;
			};
			name = Release;
		};
/* End XCBuildConfiguration section */

/* Begin XCConfigurationList section */
		C5B9047C189C1BCC00E3E9BE /* Build configuration list for PBXProject "tableViewCellDelaysContentTouches" */ = {
			isa = XCConfigurationList;
			buildConfigurations = (
				C5B904B1189C1BCD00E3E9BE /* Debug */,
				C5B904B2189C1BCD00E3E9BE /* Release */,
			);
			defaultConfigurationIsVisible = 0;
			defaultConfigurationName = Release;
		};
		C5B904B3189C1BCD00E3E9BE /* Build configuration list for PBXNativeTarget "tableViewCellDelaysContentTouches" */ = {
			isa = XCConfigurationList;
			buildConfigurations = (
				C5B904B4189C1BCD00E3E9BE /* Debug */,
				C5B904B5189C1BCD00E3E9BE /* Release */,
			);
			defaultConfigurationIsVisible = 0;
		};
		C5B904B6189C1BCD00E3E9BE /* Build configuration list for PBXNativeTarget "tableViewCellDelaysContentTouchesTests" */ = {
			isa = XCConfigurationList;
			buildConfigurations = (
				C5B904B7189C1BCD00E3E9BE /* Debug */,
				C5B904B8189C1BCD00E3E9BE /* Release */,
			);
			defaultConfigurationIsVisible = 0;
		};
/* End XCConfigurationList section */
	};
	rootObject = C5B90479189C1BCC00E3E9BE /* Project object */;
}
